
Microsoft Visual Studio Solution File, Format Version 12.00
# Visual Studio Version 16
VisualStudioVersion = 16.0.29306.81
MinimumVisualStudioVersion = 10.0.40219.1
Project("{FAE04EC0-301F-11D3-BF4B-00C04F79EFBC}") = "LR4", "LR4.csproj", "{C5E17DC4-FCDB-4546-BFC9-22BE1BDB67F6}"
EndProject
Global
	GlobalSection(SolutionConfigurationPlatforms) = preSolution
		Debug|Any CPU = Debug|Any CPU
		Release|Any CPU = Release|Any CPU
	EndGlobalSection
	GlobalSection(ProjectConfigurationPlatforms) = postSolution
		{C5E17DC4-FCDB-4546-BFC9-22BE1BDB67F6}.Debug|Any CPU.ActiveCfg = Debug|Any CPU
		{C5E17DC4-FCDB-4546-BFC9-22BE1BDB67F6}.Debug|Any CPU.Build.0 = Debug|Any CPU
		{C5E17DC4-FCDB-4546-BFC9-22BE1BDB67F6}.Release|Any CPU.ActiveCfg = Release|Any CPU
		{C5E17DC4-FCDB-4546-BFC9-22BE1BDB67F6}.Release|Any CPU.Build.0 = Release|Any CPU
	EndGlobalSection
	GlobalSection(SolutionProperties) = preSolution
		HideSolutionNode = FALSE
	EndGlobalSection
	GlobalSection(ExtensibilityGlobals) = postSolution
		SolutionGuid = {DA760F89-C761-4766-92E7-89B763D12321}
	EndGlobalSection
EndGlobal
